
Microsoft Visual Studio Solution File, Format Version 12.00
# Visual Studio Version 16
VisualStudioVersion = 16.0.31702.278
MinimumVisualStudioVersion = 10.0.40219.1
Project("{FAE04EC0-301F-11D3-BF4B-00C04F79EFBC}") = "DependencyInjectionTest", "DependencyInjectionTest\DependencyInjectionTest.csproj", "{EBFB736F-8CB2-4203-BF50-DDE6463D9563}"
EndProject
Project("{FAE04EC0-301F-11D3-BF4B-00C04F79EFBC}") = "UnitTests", "UnitTests\UnitTests.csproj", "{C55C19D4-8465-4AB1-B35A-23D39FB3BB59}"
EndProject
Global
	GlobalSection(SolutionConfigurationPlatforms) = preSolution
		Debug|Any CPU = Debug|Any CPU
		Release|Any CPU = Release|Any CPU
	EndGlobalSection
	GlobalSection(ProjectConfigurationPlatforms) = postSolution
		{EBFB736F-8CB2-4203-BF50-DDE6463D9563}.Debug|Any CPU.ActiveCfg = Debug|Any CPU
		{EBFB736F-8CB2-4203-BF50-DDE6463D9563}.Debug|Any CPU.Build.0 = Debug|Any CPU
		{EBFB736F-8CB2-4203-BF50-DDE6463D9563}.Release|Any CPU.ActiveCfg = Release|Any CPU
		{EBFB736F-8CB2-4203-BF50-DDE6463D9563}.Release|Any CPU.Build.0 = Release|Any CPU
		{C55C19D4-8465-4AB1-B35A-23D39FB3BB59}.Debug|Any CPU.ActiveCfg = Debug|Any CPU
		{C55C19D4-8465-4AB1-B35A-23D39FB3BB59}.Debug|Any CPU.Build.0 = Debug|Any CPU
		{C55C19D4-8465-4AB1-B35A-23D39FB3BB59}.Release|Any CPU.ActiveCfg = Release|Any CPU
		{C55C19D4-8465-4AB1-B35A-23D39FB3BB59}.Release|Any CPU.Build.0 = Release|Any CPU
	EndGlobalSection
	GlobalSection(SolutionProperties) = preSolution
		HideSolutionNode = FALSE
	EndGlobalSection
	GlobalSection(ExtensibilityGlobals) = postSolution
		SolutionGuid = {B04BAE05-0DE7-420C-A2D0-FFDFB46353BA}
	EndGlobalSection
EndGlobal
